// !$*UTF8*$!
{
	archiveVersion = 1;
	classes = {
	};
	objectVersion = 46;
	objects = {

/* Begin PBXBuildFile section */
		BAA6DFAE1A9BD53D0009C2E0 /* main.cpp in Sources */ = {isa = PBXBuildFile; fileRef = BAA6DFAD1A9BD53D0009C2E0 /* main.cpp */; };
/* End PBXBuildFile section */

/* Begin PBXCopyFilesBuildPhase section */
		BAA6DFA81A9BD53D0009C2E0 /* CopyFiles */ = {
			isa = PBXCopyFilesBuildPhase;
			buildActionMask = 2147483647;
			dstPath = /usr/share/man/man1/;
			dstSubfolderSpec = 0;
			files = (
			);
			runOnlyForDeploymentPostprocessing = 1;
		};
/* End PBXCopyFilesBuildPhase section */

/* Begin PBXFileReference section */
		BAA6DFAA1A9BD53D0009C2E0 /* BigNumberOperations */ = {isa = PBXFileReference; explicitFileType = "compiled.mach-o.executable"; includeInIndex = 0; path = BigNumberOperations; sourceTree = BUILT_PRODUCTS_DIR; };
		BAA6DFAD1A9BD53D0009C2E0 /* main.cpp */ = {isa = PBXFileReference; lastKnownFileType = sourcecode.cpp.cpp; path = main.cpp; sourceTree = "<group>"; };
/* End PBXFileReference section */

/* Begin PBXFrameworksBuildPhase section */
		BAA6DFA71A9BD53D0009C2E0 /* Frameworks */ = {
			isa = PBXFrameworksBuildPhase;
			buildActionMask = 2147483647;
			files = (
			);
			runOnlyForDeploymentPostprocessing = 0;
		};
/* End PBXFrameworksBuildPhase section */

/* Begin PBXGroup section */
		BAA6DFA11A9BD53D0009C2E0 = {
			isa = PBXGroup;
			children = (
				BAA6DFAC1A9BD53D0009C2E0 /* BigNumberOperations */,
				BAA6DFAB1A9BD53D0009C2E0 /* Products */,
			);
			sourceTree = "<group>";
		};
		BAA6DFAB1A9BD53D0009C2E0 /* Products */ = {
			isa = PBXGroup;
			children = (
				BAA6DFAA1A9BD53D0009C2E0 /* BigNumberOperations */,
			);
			name = Products;
			sourceTree = "<group>";
		};
		BAA6DFAC1A9BD53D0009C2E0 /* BigNumberOperations */ = {
			isa = PBXGroup;
			children = (
				BAA6DFAD1A9BD53D0009C2E0 /* main.cpp */,
			);
			path = BigNumberOperations;
			sourceTree = "<group>";
		};
/* End PBXGroup section */

/* Begin PBXNativeTarget section */
		BAA6DFA91A9BD53D0009C2E0 /* BigNumberOperations */ = {
			isa = PBXNativeTarget;
			buildConfigurationList = BAA6DFB11A9BD53D0009C2E0 /* Build configuration list for PBXNativeTarget "BigNumberOperations" */;
			buildPhases = (
				BAA6DFA61A9BD53D0009C2E0 /* Sources */,
				BAA6DFA71A9BD53D0009C2E0 /* Frameworks */,
				BAA6DFA81A9BD53D0009C2E0 /* CopyFiles */,
			);
			buildRules = (
			);
			dependencies = (
			);
			name = BigNumberOperations;
			productName = BigNumberOperations;
			productReference = BAA6DFAA1A9BD53D0009C2E0 /* BigNumberOperations */;
			productType = "com.apple.product-type.tool";
		};
/* End PBXNativeTarget section */

/* Begin PBXProject section */
		BAA6DFA21A9BD53D0009C2E0 /* Project object */ = {
			isa = PBXProject;
			attributes = {
				LastUpgradeCheck = 0610;
				ORGANIZATIONNAME = "Mihai Visuian";
				TargetAttributes = {
					BAA6DFA91A9BD53D0009C2E0 = {
						CreatedOnToolsVersion = 6.1.1;
					};
				};
			};
			buildConfigurationList = BAA6DFA51A9BD53D0009C2E0 /* Build configuration list for PBXProject "BigNumberOperations" */;
			compatibilityVersion = "Xcode 3.2";
			developmentRegion = English;
			hasScannedForEncodings = 0;
			knownRegions = (
				en,
			);
			mainGroup = BAA6DFA11A9BD53D0009C2E0;
			productRefGroup = BAA6DFAB1A9BD53D0009C2E0 /* Products */;
			projectDirPath = "";
			projectRoot = "";
			targets = (
				BAA6DFA91A9BD53D0009C2E0 /* BigNumberOperations */,
			);
		};
/* End PBXProject section */

/* Begin PBXSourcesBuildPhase section */
		BAA6DFA61A9BD53D0009C2E0 /* Sources */ = {
			isa = PBXSourcesBuildPhase;
			buildActionMask = 2147483647;
			files = (
				BAA6DFAE1A9BD53D0009C2E0 /* main.cpp in Sources */,
			);
			runOnlyForDeploymentPostprocessing = 0;
		};
/* End PBXSourcesBuildPhase section */

/* Begin XCBuildConfiguration section */
		BAA6DFAF1A9BD53D0009C2E0 /* Debug */ = {
			isa = XCBuildConfiguration;
			buildSettings = {
				ALWAYS_SEARCH_USER_PATHS = NO;
				CLANG_CXX_LANGUAGE_STANDARD = "gnu++0x";
				CLANG_CXX_LIBRARY = "libc++";
				CLANG_ENABLE_MODULES = YES;
				CLANG_ENABLE_OBJC_ARC = YES;
				CLANG_WARN_BOOL_CONVERSION = YES;
				CLANG_WARN_CONSTANT_CONVERSION = YES;
				CLANG_WARN_DIRECT_OBJC_ISA_USAGE = YES_ERROR;
				CLANG_WARN_EMPTY_BODY = YES;
				CLANG_WARN_ENUM_CONVERSION = YES;
				CLANG_WARN_INT_CONVERSION = YES;
				CLANG_WARN_OBJC_ROOT_CLASS = YES_ERROR;
				CLANG_WARN_UNREACHABLE_CODE = YES;
				CLANG_WARN__DUPLICATE_METHOD_MATCH = YES;
				COPY_PHASE_STRIP = NO;
				ENABLE_STRICT_OBJC_MSGSEND = YES;
				GCC_C_LANGUAGE_STANDARD = gnu99;
				GCC_DYNAMIC_NO_PIC = NO;
				GCC_OPTIMIZATION_LEVEL = 0;
				GCC_PREPROCESSOR_DEFINITIONS = (
					"DEBUG=1",
					"$(inherited)",
				);
				GCC_SYMBOLS_PRIVATE_EXTERN = NO;
				GCC_WARN_64_TO_32_BIT_CONVERSION = YES;
				GCC_WARN_ABOUT_RETURN_TYPE = YES_ERROR;
				GCC_WARN_UNDECLARED_SELECTOR = YES;
				GCC_WARN_UNINITIALIZED_AUTOS = YES_AGGRESSIVE;
				GCC_WARN_UNUSED_FUNCTION = YES;
				GCC_WARN_UNUSED_VARIABLE = YES;
				MACOSX_DEPLOYMENT_TARGET = 10.10;
				MTL_ENABLE_DEBUG_INFO = YES;
				ONLY_ACTIVE_ARCH = YES;
				SDKROOT = macosx;
			};
			name = Debug;
		};
		BAA6DFB01A9BD53D0009C2E0 /* Release */ = {
			isa = XCBuildConfiguration;
			buildSettings = {
				ALWAYS_SEARCH_USER_PATHS = NO;
				CLANG_CXX_LANGUAGE_STANDARD = "gnu++0x";
				CLANG_CXX_LIBRARY = "libc++";
				CLANG_ENABLE_MODULES = YES;
				CLANG_ENABLE_OBJC_ARC = YES;
				CLANG_WARN_BOOL_CONVERSION = YES;
				CLANG_WARN_CONSTANT_CONVERSION = YES;
				CLANG_WARN_DIRECT_OBJC_ISA_USAGE = YES_ERROR;
				CLANG_WARN_EMPTY_BODY = YES;
				CLANG_WARN_ENUM_CONVERSION = YES;
				CLANG_WARN_INT_CONVERSION = YES;
				CLANG_WARN_OBJC_ROOT_CLASS = YES_ERROR;
				CLANG_WARN_UNREACHABLE_CODE = YES;
				CLANG_WARN__DUPLICATE_METHOD_MATCH = YES;
				COPY_PHASE_STRIP = YES;
				DEBUG_INFORMATION_FORMAT = "dwarf-with-dsym";
				ENABLE_NS_ASSERTIONS = NO;
				ENABLE_STRICT_OBJC_MSGSEND = YES;
				GCC_C_LANGUAGE_STANDARD = gnu99;
				GCC_WARN_64_TO_32_BIT_CONVERSION = YES;
				GCC_WARN_ABOUT_RETURN_TYPE = YES_ERROR;
				GCC_WARN_UNDECLARED_SELECTOR = YES;
				GCC_WARN_UNINITIALIZED_AUTOS = YES_AGGRESSIVE;
				GCC_WARN_UNUSED_FUNCTION = YES;
				GCC_WARN_UNUSED_VARIABLE = YES;
				MACOSX_DEPLOYMENT_TARGET = 10.10;
				MTL_ENABLE_DEBUG_INFO = NO;
				SDKROOT = macosx;
			};
			name = Release;
		};
		BAA6DFB21A9BD53D0009C2E0 /* Debug */ = {
			isa = XCBuildConfiguration;
			buildSettings = {
				PRODUCT_NAME = "$(TARGET_NAME)";
			};
			name = Debug;
		};
		BAA6DFB31A9BD53D0009C2E0 /* Release */ = {
			isa = XCBuildConfiguration;
			buildSettings = {
				PRODUCT_NAME = "$(TARGET_NAME)";
			};
			name = Release;
		};
/* End XCBuildConfiguration section */

/* Begin XCConfigurationList section */
		BAA6DFA51A9BD53D0009C2E0 /* Build configuration list for PBXProject "BigNumberOperations" */ = {
			isa = XCConfigurationList;
			buildConfigurations = (
				BAA6DFAF1A9BD53D0009C2E0 /* Debug */,
				BAA6DFB01A9BD53D0009C2E0 /* Release */,
			);
			defaultConfigurationIsVisible = 0;
			defaultConfigurationName = Release;
		};
		BAA6DFB11A9BD53D0009C2E0 /* Build configuration list for PBXNativeTarget "BigNumberOperations" */ = {
			isa = XCConfigurationList;
			buildConfigurations = (
				BAA6DFB21A9BD53D0009C2E0 /* Debug */,
				BAA6DFB31A9BD53D0009C2E0 /* Release */,
			);
			defaultConfigurationIsVisible = 0;
		};
/* End XCConfigurationList section */
	};
	rootObject = BAA6DFA21A9BD53D0009C2E0 /* Project object */;
}
